
Microsoft Visual Studio Solution File, Format Version 12.00
Project("{FAE04EC0-301F-11D3-BF4B-00C04F79EFBC}") = "SpaceEngineers-LocalScripts", "SpaceEngineers-LocalScripts.csproj", "{2D0813C8-05D6-4A5A-8D3A-9587ED8DAE54}"
EndProject
Global
	GlobalSection(SolutionConfigurationPlatforms) = preSolution
		Debug|Any CPU = Debug|Any CPU
		Release|Any CPU = Release|Any CPU
	EndGlobalSection
	GlobalSection(ProjectConfigurationPlatforms) = postSolution
		{2D0813C8-05D6-4A5A-8D3A-9587ED8DAE54}.Debug|Any CPU.ActiveCfg = Debug|Any CPU
		{2D0813C8-05D6-4A5A-8D3A-9587ED8DAE54}.Debug|Any CPU.Build.0 = Debug|Any CPU
		{2D0813C8-05D6-4A5A-8D3A-9587ED8DAE54}.Release|Any CPU.ActiveCfg = Release|Any CPU
		{2D0813C8-05D6-4A5A-8D3A-9587ED8DAE54}.Release|Any CPU.Build.0 = Release|Any CPU
	EndGlobalSection
EndGlobal
